// !$*UTF8*$!
{
	archiveVersion = 1;
	classes = {
	};
	objectVersion = 56;
	objects = {

/* Begin PBXBuildFile section */
		FB4BFF912D5CAF5F00F103A0 /* main.swift in Sources */ = {isa = PBXBuildFile; fileRef = FB4BFF902D5CAF5F00F103A0 /* main.swift */; };
		FB4BFF932D5CAF5F00F103A0 /* ContentView.swift in Sources */ = {isa = PBXBuildFile; fileRef = FB4BFF922D5CAF5F00F103A0 /* ContentView.swift */; };
		FB4BFF952D5CAF6100F103A0 /* Assets.xcassets in Resources */ = {isa = PBXBuildFile; fileRef = FB4BFF942D5CAF6100F103A0 /* Assets.xcassets */; };
		FB4BFF982D5CAF6100F103A0 /* Preview Assets.xcassets in Resources */ = {isa = PBXBuildFile; fileRef = FB4BFF972D5CAF6100F103A0 /* Preview Assets.xcassets */; };
		FB4BFF9F2D5CBC5500F103A0 /* damubala.swift in Sources */ = {isa = PBXBuildFile; fileRef = FB4BFF9E2D5CBC5500F103A0 /* damubala.swift */; };
		FB8BC0352D78154600C0F07C /* mapview.swift in Sources */ = {isa = PBXBuildFile; fileRef = FB8BC0342D78154600C0F07C /* mapview.swift */; };
		FBC165132DCE875300F4F78C /* ScheduleView.swift in Sources */ = {isa = PBXBuildFile; fileRef = FBC165122DCE875300F4F78C /* ScheduleView.swift */; };
/* End PBXBuildFile section */

/* Begin PBXFileReference section */
		FB4BFF8D2D5CAF5F00F103A0 /* DamuBala.app */ = {isa = PBXFileReference; explicitFileType = wrapper.application; includeInIndex = 0; path = DamuBala.app; sourceTree = BUILT_PRODUCTS_DIR; };
		FB4BFF902D5CAF5F00F103A0 /* main.swift */ = {isa = PBXFileReference; lastKnownFileType = sourcecode.swift; path = main.swift; sourceTree = "<group>"; };
		FB4BFF922D5CAF5F00F103A0 /* ContentView.swift */ = {isa = PBXFileReference; lastKnownFileType = sourcecode.swift; path = ContentView.swift; sourceTree = "<group>"; };
		FB4BFF942D5CAF6100F103A0 /* Assets.xcassets */ = {isa = PBXFileReference; lastKnownFileType = folder.assetcatalog; path = Assets.xcassets; sourceTree = "<group>"; };
		FB4BFF972D5CAF6100F103A0 /* Preview Assets.xcassets */ = {isa = PBXFileReference; lastKnownFileType = folder.assetcatalog; path = "Preview Assets.xcassets"; sourceTree = "<group>"; };
		FB4BFF9E2D5CBC5500F103A0 /* damubala.swift */ = {isa = PBXFileReference; lastKnownFileType = sourcecode.swift; path = damubala.swift; sourceTree = "<group>"; };
		FB8BC0342D78154600C0F07C /* mapview.swift */ = {isa = PBXFileReference; lastKnownFileType = sourcecode.swift; path = mapview.swift; sourceTree = "<group>"; };
		FBC165122DCE875300F4F78C /* ScheduleView.swift */ = {isa = PBXFileReference; lastKnownFileType = sourcecode.swift; path = ScheduleView.swift; sourceTree = "<group>"; };
/* End PBXFileReference section */

/* Begin PBXFrameworksBuildPhase section */
		FB4BFF8A2D5CAF5F00F103A0 /* Frameworks */ = {
			isa = PBXFrameworksBuildPhase;
			buildActionMask = 2147483647;
			files = (
			);
			runOnlyForDeploymentPostprocessing = 0;
		};
/* End PBXFrameworksBuildPhase section */

/* Begin PBXGroup section */
		FB4BFF842D5CAF5F00F103A0 = {
			isa = PBXGroup;
			children = (
				FB4BFF8F2D5CAF5F00F103A0 /* DamuBala */,
				FB4BFF8E2D5CAF5F00F103A0 /* Products */,
			);
			sourceTree = "<group>";
		};
		FB4BFF8E2D5CAF5F00F103A0 /* Products */ = {
			isa = PBXGroup;
			children = (
				FB4BFF8D2D5CAF5F00F103A0 /* DamuBala.app */,
			);
			name = Products;
			sourceTree = "<group>";
		};
		FB4BFF8F2D5CAF5F00F103A0 /* DamuBala */ = {
			isa = PBXGroup;
			children = (
				FB4BFF922D5CAF5F00F103A0 /* ContentView.swift */,
				FB8BC0342D78154600C0F07C /* mapview.swift */,
				FBC165122DCE875300F4F78C /* ScheduleView.swift */,
				FB4BFF902D5CAF5F00F103A0 /* main.swift */,
				FB4BFF9E2D5CBC5500F103A0 /* damubala.swift */,
				FB4BFF942D5CAF6100F103A0 /* Assets.xcassets */,
				FB4BFF962D5CAF6100F103A0 /* Preview Content */,
			);
			path = DamuBala;
			sourceTree = "<group>";
		};
		FB4BFF962D5CAF6100F103A0 /* Preview Content */ = {
			isa = PBXGroup;
			children = (
				FB4BFF972D5CAF6100F103A0 /* Preview Assets.xcassets */,
			);
			path = "Preview Content";
			sourceTree = "<group>";
		};
/* End PBXGroup section */

/* Begin PBXNativeTarget section */
		FB4BFF8C2D5CAF5F00F103A0 /* DamuBala */ = {
			isa = PBXNativeTarget;
			buildConfigurationList = FB4BFF9B2D5CAF6100F103A0 /* Build configuration list for PBXNativeTarget "DamuBala" */;
			buildPhases = (
				FB4BFF892D5CAF5F00F103A0 /* Sources */,
				FB4BFF8A2D5CAF5F00F103A0 /* Frameworks */,
				FB4BFF8B2D5CAF5F00F103A0 /* Resources */,
			);
			buildRules = (
			);
			dependencies = (
			);
			name = DamuBala;
			productName = DamuBala;
			productReference = FB4BFF8D2D5CAF5F00F103A0 /* DamuBala.app */;
			productType = "com.apple.product-type.application";
		};
/* End PBXNativeTarget section */

/* Begin PBXProject section */
		FB4BFF852D5CAF5F00F103A0 /* Project object */ = {
			isa = PBXProject;
			attributes = {
				BuildIndependentTargetsInParallel = 1;
				LastSwiftUpdateCheck = 1530;
				LastUpgradeCheck = 1530;
				TargetAttributes = {
					FB4BFF8C2D5CAF5F00F103A0 = {
						CreatedOnToolsVersion = 15.3;
					};
				};
			};
			buildConfigurationList = FB4BFF882D5CAF5F00F103A0 /* Build configuration list for PBXProject "DamuBala" */;
			compatibilityVersion = "Xcode 14.0";
			developmentRegion = en;
			hasScannedForEncodings = 0;
			knownRegions = (
				en,
				Base,
			);
			mainGroup = FB4BFF842D5CAF5F00F103A0;
			productRefGroup = FB4BFF8E2D5CAF5F00F103A0 /* Products */;
			projectDirPath = "";
			projectRoot = "";
			targets = (
				FB4BFF8C2D5CAF5F00F103A0 /* DamuBala */,
			);
		};
/* End PBXProject section */

/* Begin PBXResourcesBuildPhase section */
		FB4BFF8B2D5CAF5F00F103A0 /* Resources */ = {
			isa = PBXResourcesBuildPhase;
			buildActionMask = 2147483647;
			files = (
				FB4BFF982D5CAF6100F103A0 /* Preview Assets.xcassets in Resources */,
				FB4BFF952D5CAF6100F103A0 /* Assets.xcassets in Resources */,
			);
			runOnlyForDeploymentPostprocessing = 0;
		};
/* End PBXResourcesBuildPhase section */

/* Begin PBXSourcesBuildPhase section */
		FB4BFF892D5CAF5F00F103A0 /* Sources */ = {
			isa = PBXSourcesBuildPhase;
			buildActionMask = 2147483647;
			files = (
				FB4BFF932D5CAF5F00F103A0 /* ContentView.swift in Sources */,
				FB4BFF9F2D5CBC5500F103A0 /* damubala.swift in Sources */,
				FB8BC0352D78154600C0F07C /* mapview.swift in Sources */,
				FBC165132DCE875300F4F78C /* ScheduleView.swift in Sources */,
				FB4BFF912D5CAF5F00F103A0 /* main.swift in Sources */,
			);
			runOnlyForDeploymentPostprocessing = 0;
		};
/* End PBXSourcesBuildPhase section */

/* Begin XCBuildConfiguration section */
		FB4BFF992D5CAF6100F103A0 /* Debug */ = {
			isa = XCBuildConfiguration;
			buildSettings = {
				ALWAYS_SEARCH_USER_PATHS = NO;
				ASSETCATALOG_COMPILER_GENERATE_SWIFT_ASSET_SYMBOL_EXTENSIONS = YES;
				CLANG_ANALYZER_NONNULL = YES;
				CLANG_ANALYZER_NUMBER_OBJECT_CONVERSION = YES_AGGRESSIVE;
				CLANG_CXX_LANGUAGE_STANDARD = "gnu++20";
				CLANG_ENABLE_MODULES = YES;
				CLANG_ENABLE_OBJC_ARC = YES;
				CLANG_ENABLE_OBJC_WEAK = YES;
				CLANG_WARN_BLOCK_CAPTURE_AUTORELEASING = YES;
				CLANG_WARN_BOOL_CONVERSION = YES;
				CLANG_WARN_COMMA = YES;
				CLANG_WARN_CONSTANT_CONVERSION = YES;
				CLANG_WARN_DEPRECATED_OBJC_IMPLEMENTATIONS = YES;
				CLANG_WARN_DIRECT_OBJC_ISA_USAGE = YES_ERROR;
				CLANG_WARN_DOCUMENTATION_COMMENTS = YES;
				CLANG_WARN_EMPTY_BODY = YES;
				CLANG_WARN_ENUM_CONVERSION = YES;
				CLANG_WARN_INFINITE_RECURSION = YES;
				CLANG_WARN_INT_CONVERSION = YES;
				CLANG_WARN_NON_LITERAL_NULL_CONVERSION = YES;
				CLANG_WARN_OBJC_IMPLICIT_RETAIN_SELF = YES;
				CLANG_WARN_OBJC_LITERAL_CONVERSION = YES;
				CLANG_WARN_OBJC_ROOT_CLASS = YES_ERROR;
				CLANG_WARN_QUOTED_INCLUDE_IN_FRAMEWORK_HEADER = YES;
				CLANG_WARN_RANGE_LOOP_ANALYSIS = YES;
				CLANG_WARN_STRICT_PROTOTYPES = YES;
				CLANG_WARN_SUSPICIOUS_MOVE = YES;
				CLANG_WARN_UNGUARDED_AVAILABILITY = YES_AGGRESSIVE;
				CLANG_WARN_UNREACHABLE_CODE = YES;
				CLANG_WARN__DUPLICATE_METHOD_MATCH = YES;
				COPY_PHASE_STRIP = NO;
				DEBUG_INFORMATION_FORMAT = dwarf;
				ENABLE_STRICT_OBJC_MSGSEND = YES;
				ENABLE_TESTABILITY = YES;
				ENABLE_USER_SCRIPT_SANDBOXING = YES;
				GCC_C_LANGUAGE_STANDARD = gnu17;
				GCC_DYNAMIC_NO_PIC = NO;
				GCC_NO_COMMON_BLOCKS = YES;
				GCC_OPTIMIZATION_LEVEL = 0;
				GCC_PREPROCESSOR_DEFINITIONS = (
					"DEBUG=1",
					"$(inherited)",
				);
				GCC_WARN_64_TO_32_BIT_CONVERSION = YES;
				GCC_WARN_ABOUT_RETURN_TYPE = YES_ERROR;
				GCC_WARN_UNDECLARED_SELECTOR = YES;
				GCC_WARN_UNINITIALIZED_AUTOS = YES_AGGRESSIVE;
				GCC_WARN_UNUSED_FUNCTION = YES;
				GCC_WARN_UNUSED_VARIABLE = YES;
				IPHONEOS_DEPLOYMENT_TARGET = 17.4;
				LOCALIZATION_PREFERS_STRING_CATALOGS = YES;
				MTL_ENABLE_DEBUG_INFO = INCLUDE_SOURCE;
				MTL_FAST_MATH = YES;
				ONLY_ACTIVE_ARCH = YES;
				SDKROOT = iphoneos;
				SWIFT_ACTIVE_COMPILATION_CONDITIONS = "DEBUG $(inherited)";
				SWIFT_OPTIMIZATION_LEVEL = "-Onone";
			};
			name = Debug;
		};
		FB4BFF9A2D5CAF6100F103A0 /* Release */ = {
			isa = XCBuildConfiguration;
			buildSettings = {
				ALWAYS_SEARCH_USER_PATHS = NO;
				ASSETCATALOG_COMPILER_GENERATE_SWIFT_ASSET_SYMBOL_EXTENSIONS = YES;
				CLANG_ANALYZER_NONNULL = YES;
				CLANG_ANALYZER_NUMBER_OBJECT_CONVERSION = YES_AGGRESSIVE;
				CLANG_CXX_LANGUAGE_STANDARD = "gnu++20";
				CLANG_ENABLE_MODULES = YES;
				CLANG_ENABLE_OBJC_ARC = YES;
				CLANG_ENABLE_OBJC_WEAK = YES;
				CLANG_WARN_BLOCK_CAPTURE_AUTORELEASING = YES;
				CLANG_WARN_BOOL_CONVERSION = YES;
				CLANG_WARN_COMMA = YES;
				CLANG_WARN_CONSTANT_CONVERSION = YES;
				CLANG_WARN_DEPRECATED_OBJC_IMPLEMENTATIONS = YES;
				CLANG_WARN_DIRECT_OBJC_ISA_USAGE = YES_ERROR;
				CLANG_WARN_DOCUMENTATION_COMMENTS = YES;
				CLANG_WARN_EMPTY_BODY = YES;
				CLANG_WARN_ENUM_CONVERSION = YES;
				CLANG_WARN_INFINITE_RECURSION = YES;
				CLANG_WARN_INT_CONVERSION = YES;
				CLANG_WARN_NON_LITERAL_NULL_CONVERSION = YES;
				CLANG_WARN_OBJC_IMPLICIT_RETAIN_SELF = YES;
				CLANG_WARN_OBJC_LITERAL_CONVERSION = YES;
				CLANG_WARN_OBJC_ROOT_CLASS = YES_ERROR;
				CLANG_WARN_QUOTED_INCLUDE_IN_FRAMEWORK_HEADER = YES;
				CLANG_WARN_RANGE_LOOP_ANALYSIS = YES;
				CLANG_WARN_STRICT_PROTOTYPES = YES;
				CLANG_WARN_SUSPICIOUS_MOVE = YES;
				CLANG_WARN_UNGUARDED_AVAILABILITY = YES_AGGRESSIVE;
				CLANG_WARN_UNREACHABLE_CODE = YES;
				CLANG_WARN__DUPLICATE_METHOD_MATCH = YES;
				COPY_PHASE_STRIP = NO;
				DEBUG_INFORMATION_FORMAT = "dwarf-with-dsym";
				ENABLE_NS_ASSERTIONS = NO;
				ENABLE_STRICT_OBJC_MSGSEND = YES;
				ENABLE_USER_SCRIPT_SANDBOXING = YES;
				GCC_C_LANGUAGE_STANDARD = gnu17;
				GCC_NO_COMMON_BLOCKS = YES;
				GCC_WARN_64_TO_32_BIT_CONVERSION = YES;
				GCC_WARN_ABOUT_RETURN_TYPE = YES_ERROR;
				GCC_WARN_UNDECLARED_SELECTOR = YES;
				GCC_WARN_UNINITIALIZED_AUTOS = YES_AGGRESSIVE;
				GCC_WARN_UNUSED_FUNCTION = YES;
				GCC_WARN_UNUSED_VARIABLE = YES;
				IPHONEOS_DEPLOYMENT_TARGET = 17.4;
				LOCALIZATION_PREFERS_STRING_CATALOGS = YES;
				MTL_ENABLE_DEBUG_INFO = NO;
				MTL_FAST_MATH = YES;
				SDKROOT = iphoneos;
				SWIFT_COMPILATION_MODE = wholemodule;
				VALIDATE_PRODUCT = YES;
			};
			name = Release;
		};
		FB4BFF9C2D5CAF6100F103A0 /* Debug */ = {
			isa = XCBuildConfiguration;
			buildSettings = {
				ASSETCATALOG_COMPILER_APPICON_NAME = AppIcon;
				ASSETCATALOG_COMPILER_GLOBAL_ACCENT_COLOR_NAME = AccentColor;
				CODE_SIGN_STYLE = Automatic;
				CURRENT_PROJECT_VERSION = 1;
				DEVELOPMENT_ASSET_PATHS = "\"DamuBala/Preview Content\"";
				ENABLE_PREVIEWS = YES;
				GENERATE_INFOPLIST_FILE = YES;
				INFOPLIST_KEY_UIApplicationSceneManifest_Generation = YES;
				INFOPLIST_KEY_UIApplicationSupportsIndirectInputEvents = YES;
				INFOPLIST_KEY_UILaunchScreen_Generation = YES;
				INFOPLIST_KEY_UISupportedInterfaceOrientations_iPad = "UIInterfaceOrientationPortrait UIInterfaceOrientationPortraitUpsideDown UIInterfaceOrientationLandscapeLeft UIInterfaceOrientationLandscapeRight";
				INFOPLIST_KEY_UISupportedInterfaceOrientations_iPhone = "UIInterfaceOrientationPortrait UIInterfaceOrientationLandscapeLeft UIInterfaceOrientationLandscapeRight";
				LD_RUNPATH_SEARCH_PATHS = (
					"$(inherited)",
					"@executable_path/Frameworks",
				);
				MARKETING_VERSION = 1.0;
				PRODUCT_BUNDLE_IDENTIFIER = smartCastle.DamuBala;
				PRODUCT_NAME = "$(TARGET_NAME)";
				SWIFT_EMIT_LOC_STRINGS = YES;
				SWIFT_VERSION = 5.0;
				TARGETED_DEVICE_FAMILY = "1,2";
			};
			name = Debug;
		};
		FB4BFF9D2D5CAF6100F103A0 /* Release */ = {
			isa = XCBuildConfiguration;
			buildSettings = {
				ASSETCATALOG_COMPILER_APPICON_NAME = AppIcon;
				ASSETCATALOG_COMPILER_GLOBAL_ACCENT_COLOR_NAME = AccentColor;
				CODE_SIGN_STYLE = Automatic;
				CURRENT_PROJECT_VERSION = 1;
				DEVELOPMENT_ASSET_PATHS = "\"DamuBala/Preview Content\"";
				ENABLE_PREVIEWS = YES;
				GENERATE_INFOPLIST_FILE = YES;
				INFOPLIST_KEY_UIApplicationSceneManifest_Generation = YES;
				INFOPLIST_KEY_UIApplicationSupportsIndirectInputEvents = YES;
				INFOPLIST_KEY_UILaunchScreen_Generation = YES;
				INFOPLIST_KEY_UISupportedInterfaceOrientations_iPad = "UIInterfaceOrientationPortrait UIInterfaceOrientationPortraitUpsideDown UIInterfaceOrientationLandscapeLeft UIInterfaceOrientationLandscapeRight";
				INFOPLIST_KEY_UISupportedInterfaceOrientations_iPhone = "UIInterfaceOrientationPortrait UIInterfaceOrientationLandscapeLeft UIInterfaceOrientationLandscapeRight";
				LD_RUNPATH_SEARCH_PATHS = (
					"$(inherited)",
					"@executable_path/Frameworks",
				);
				MARKETING_VERSION = 1.0;
				PRODUCT_BUNDLE_IDENTIFIER = smartCastle.DamuBala;
				PRODUCT_NAME = "$(TARGET_NAME)";
				SWIFT_EMIT_LOC_STRINGS = YES;
				SWIFT_VERSION = 5.0;
				TARGETED_DEVICE_FAMILY = "1,2";
			};
			name = Release;
		};
/* End XCBuildConfiguration section */

/* Begin XCConfigurationList section */
		FB4BFF882D5CAF5F00F103A0 /* Build configuration list for PBXProject "DamuBala" */ = {
			isa = XCConfigurationList;
			buildConfigurations = (
				FB4BFF992D5CAF6100F103A0 /* Debug */,
				FB4BFF9A2D5CAF6100F103A0 /* Release */,
			);
			defaultConfigurationIsVisible = 0;
			defaultConfigurationName = Release;
		};
		FB4BFF9B2D5CAF6100F103A0 /* Build configuration list for PBXNativeTarget "DamuBala" */ = {
			isa = XCConfigurationList;
			buildConfigurations = (
				FB4BFF9C2D5CAF6100F103A0 /* Debug */,
				FB4BFF9D2D5CAF6100F103A0 /* Release */,
			);
			defaultConfigurationIsVisible = 0;
			defaultConfigurationName = Release;
		};
/* End XCConfigurationList section */
	};
	rootObject = FB4BFF852D5CAF5F00F103A0 /* Project object */;
}
